// !$*UTF8*$!
{
	archiveVersion = 1;
	classes = {
	};
	objectVersion = 56;
	objects = {

/* Begin PBXBuildFile section */
		850089292ABF3CB30032933E /* MetalSwiftUIApp.swift in Sources */ = {isa = PBXBuildFile; fileRef = 850089282ABF3CB30032933E /* MetalSwiftUIApp.swift */; };
		8500892B2ABF3CB30032933E /* ContentView.swift in Sources */ = {isa = PBXBuildFile; fileRef = 8500892A2ABF3CB30032933E /* ContentView.swift */; };
		8500892D2ABF3CB70032933E /* Assets.xcassets in Resources */ = {isa = PBXBuildFile; fileRef = 8500892C2ABF3CB70032933E /* Assets.xcassets */; };
		850089302ABF3CB70032933E /* Preview Assets.xcassets in Resources */ = {isa = PBXBuildFile; fileRef = 8500892F2ABF3CB70032933E /* Preview Assets.xcassets */; };
		8500893A2ABF3CB70032933E /* MetalSwiftUITests.swift in Sources */ = {isa = PBXBuildFile; fileRef = 850089392ABF3CB70032933E /* MetalSwiftUITests.swift */; };
		850089442ABF3CB70032933E /* MetalSwiftUIUITests.swift in Sources */ = {isa = PBXBuildFile; fileRef = 850089432ABF3CB70032933E /* MetalSwiftUIUITests.swift */; };
		850089462ABF3CB70032933E /* MetalSwiftUIUITestsLaunchTests.swift in Sources */ = {isa = PBXBuildFile; fileRef = 850089452ABF3CB70032933E /* MetalSwiftUIUITestsLaunchTests.swift */; };
/* End PBXBuildFile section */

/* Begin PBXContainerItemProxy section */
		850089362ABF3CB70032933E /* PBXContainerItemProxy */ = {
			isa = PBXContainerItemProxy;
			containerPortal = 8500891D2ABF3CB30032933E /* Project object */;
			proxyType = 1;
			remoteGlobalIDString = 850089242ABF3CB30032933E;
			remoteInfo = MetalSwiftUI;
		};
		850089402ABF3CB70032933E /* PBXContainerItemProxy */ = {
			isa = PBXContainerItemProxy;
			containerPortal = 8500891D2ABF3CB30032933E /* Project object */;
			proxyType = 1;
			remoteGlobalIDString = 850089242ABF3CB30032933E;
			remoteInfo = MetalSwiftUI;
		};
/* End PBXContainerItemProxy section */

/* Begin PBXFileReference section */
		850089252ABF3CB30032933E /* MetalSwiftUI.app */ = {isa = PBXFileReference; explicitFileType = wrapper.application; includeInIndex = 0; path = MetalSwiftUI.app; sourceTree = BUILT_PRODUCTS_DIR; };
		850089282ABF3CB30032933E /* MetalSwiftUIApp.swift */ = {isa = PBXFileReference; lastKnownFileType = sourcecode.swift; path = MetalSwiftUIApp.swift; sourceTree = "<group>"; };
		8500892A2ABF3CB30032933E /* ContentView.swift */ = {isa = PBXFileReference; lastKnownFileType = sourcecode.swift; path = ContentView.swift; sourceTree = "<group>"; };
		8500892C2ABF3CB70032933E /* Assets.xcassets */ = {isa = PBXFileReference; lastKnownFileType = folder.assetcatalog; path = Assets.xcassets; sourceTree = "<group>"; };
		8500892F2ABF3CB70032933E /* Preview Assets.xcassets */ = {isa = PBXFileReference; lastKnownFileType = folder.assetcatalog; path = "Preview Assets.xcassets"; sourceTree = "<group>"; };
		850089352ABF3CB70032933E /* MetalSwiftUITests.xctest */ = {isa = PBXFileReference; explicitFileType = wrapper.cfbundle; includeInIndex = 0; path = MetalSwiftUITests.xctest; sourceTree = BUILT_PRODUCTS_DIR; };
		850089392ABF3CB70032933E /* MetalSwiftUITests.swift */ = {isa = PBXFileReference; lastKnownFileType = sourcecode.swift; path = MetalSwiftUITests.swift; sourceTree = "<group>"; };
		8500893F2ABF3CB70032933E /* MetalSwiftUIUITests.xctest */ = {isa = PBXFileReference; explicitFileType = wrapper.cfbundle; includeInIndex = 0; path = MetalSwiftUIUITests.xctest; sourceTree = BUILT_PRODUCTS_DIR; };
		850089432ABF3CB70032933E /* MetalSwiftUIUITests.swift */ = {isa = PBXFileReference; lastKnownFileType = sourcecode.swift; path = MetalSwiftUIUITests.swift; sourceTree = "<group>"; };
		850089452ABF3CB70032933E /* MetalSwiftUIUITestsLaunchTests.swift */ = {isa = PBXFileReference; lastKnownFileType = sourcecode.swift; path = MetalSwiftUIUITestsLaunchTests.swift; sourceTree = "<group>"; };
/* End PBXFileReference section */

/* Begin PBXFrameworksBuildPhase section */
		850089222ABF3CB30032933E /* Frameworks */ = {
			isa = PBXFrameworksBuildPhase;
			buildActionMask = 2147483647;
			files = (
			);
			runOnlyForDeploymentPostprocessing = 0;
		};
		850089322ABF3CB70032933E /* Frameworks */ = {
			isa = PBXFrameworksBuildPhase;
			buildActionMask = 2147483647;
			files = (
			);
			runOnlyForDeploymentPostprocessing = 0;
		};
		8500893C2ABF3CB70032933E /* Frameworks */ = {
			isa = PBXFrameworksBuildPhase;
			buildActionMask = 2147483647;
			files = (
			);
			runOnlyForDeploymentPostprocessing = 0;
		};
/* End PBXFrameworksBuildPhase section */

/* Begin PBXGroup section */
		8500891C2ABF3CB30032933E = {
			isa = PBXGroup;
			children = (
				850089272ABF3CB30032933E /* MetalSwiftUI */,
				850089382ABF3CB70032933E /* MetalSwiftUITests */,
				850089422ABF3CB70032933E /* MetalSwiftUIUITests */,
				850089262ABF3CB30032933E /* Products */,
			);
			sourceTree = "<group>";
		};
		850089262ABF3CB30032933E /* Products */ = {
			isa = PBXGroup;
			children = (
				850089252ABF3CB30032933E /* MetalSwiftUI.app */,
				850089352ABF3CB70032933E /* MetalSwiftUITests.xctest */,
				8500893F2ABF3CB70032933E /* MetalSwiftUIUITests.xctest */,
			);
			name = Products;
			sourceTree = "<group>";
		};
		850089272ABF3CB30032933E /* MetalSwiftUI */ = {
			isa = PBXGroup;
			children = (
				850089282ABF3CB30032933E /* MetalSwiftUIApp.swift */,
				8500892A2ABF3CB30032933E /* ContentView.swift */,
				8500892C2ABF3CB70032933E /* Assets.xcassets */,
				8500892E2ABF3CB70032933E /* Preview Content */,
			);
			path = MetalSwiftUI;
			sourceTree = "<group>";
		};
		8500892E2ABF3CB70032933E /* Preview Content */ = {
			isa = PBXGroup;
			children = (
				8500892F2ABF3CB70032933E /* Preview Assets.xcassets */,
			);
			path = "Preview Content";
			sourceTree = "<group>";
		};
		850089382ABF3CB70032933E /* MetalSwiftUITests */ = {
			isa = PBXGroup;
			children = (
				850089392ABF3CB70032933E /* MetalSwiftUITests.swift */,
			);
			path = MetalSwiftUITests;
			sourceTree = "<group>";
		};
		850089422ABF3CB70032933E /* MetalSwiftUIUITests */ = {
			isa = PBXGroup;
			children = (
				850089432ABF3CB70032933E /* MetalSwiftUIUITests.swift */,
				850089452ABF3CB70032933E /* MetalSwiftUIUITestsLaunchTests.swift */,
			);
			path = MetalSwiftUIUITests;
			sourceTree = "<group>";
		};
/* End PBXGroup section */

/* Begin PBXNativeTarget section */
		850089242ABF3CB30032933E /* MetalSwiftUI */ = {
			isa = PBXNativeTarget;
			buildConfigurationList = 850089492ABF3CB70032933E /* Build configuration list for PBXNativeTarget "MetalSwiftUI" */;
			buildPhases = (
				850089212ABF3CB30032933E /* Sources */,
				850089222ABF3CB30032933E /* Frameworks */,
				850089232ABF3CB30032933E /* Resources */,
			);
			buildRules = (
			);
			dependencies = (
			);
			name = MetalSwiftUI;
			productName = MetalSwiftUI;
			productReference = 850089252ABF3CB30032933E /* MetalSwiftUI.app */;
			productType = "com.apple.product-type.application";
		};
		850089342ABF3CB70032933E /* MetalSwiftUITests */ = {
			isa = PBXNativeTarget;
			buildConfigurationList = 8500894C2ABF3CB70032933E /* Build configuration list for PBXNativeTarget "MetalSwiftUITests" */;
			buildPhases = (
				850089312ABF3CB70032933E /* Sources */,
				850089322ABF3CB70032933E /* Frameworks */,
				850089332ABF3CB70032933E /* Resources */,
			);
			buildRules = (
			);
			dependencies = (
				850089372ABF3CB70032933E /* PBXTargetDependency */,
			);
			name = MetalSwiftUITests;
			productName = MetalSwiftUITests;
			productReference = 850089352ABF3CB70032933E /* MetalSwiftUITests.xctest */;
			productType = "com.apple.product-type.bundle.unit-test";
		};
		8500893E2ABF3CB70032933E /* MetalSwiftUIUITests */ = {
			isa = PBXNativeTarget;
			buildConfigurationList = 8500894F2ABF3CB70032933E /* Build configuration list for PBXNativeTarget "MetalSwiftUIUITests" */;
			buildPhases = (
				8500893B2ABF3CB70032933E /* Sources */,
				8500893C2ABF3CB70032933E /* Frameworks */,
				8500893D2ABF3CB70032933E /* Resources */,
			);
			buildRules = (
			);
			dependencies = (
				850089412ABF3CB70032933E /* PBXTargetDependency */,
			);
			name = MetalSwiftUIUITests;
			productName = MetalSwiftUIUITests;
			productReference = 8500893F2ABF3CB70032933E /* MetalSwiftUIUITests.xctest */;
			productType = "com.apple.product-type.bundle.ui-testing";
		};
/* End PBXNativeTarget section */

/* Begin PBXProject section */
		8500891D2ABF3CB30032933E /* Project object */ = {
			isa = PBXProject;
			attributes = {
				BuildIndependentTargetsInParallel = 1;
				LastSwiftUpdateCheck = 1500;
				LastUpgradeCheck = 1500;
				TargetAttributes = {
					850089242ABF3CB30032933E = {
						CreatedOnToolsVersion = 15.0;
					};
					850089342ABF3CB70032933E = {
						CreatedOnToolsVersion = 15.0;
						TestTargetID = 850089242ABF3CB30032933E;
					};
					8500893E2ABF3CB70032933E = {
						CreatedOnToolsVersion = 15.0;
						TestTargetID = 850089242ABF3CB30032933E;
					};
				};
			};
			buildConfigurationList = 850089202ABF3CB30032933E /* Build configuration list for PBXProject "MetalSwiftUI" */;
			compatibilityVersion = "Xcode 14.0";
			developmentRegion = en;
			hasScannedForEncodings = 0;
			knownRegions = (
				en,
				Base,
			);
			mainGroup = 8500891C2ABF3CB30032933E;
			productRefGroup = 850089262ABF3CB30032933E /* Products */;
			projectDirPath = "";
			projectRoot = "";
			targets = (
				850089242ABF3CB30032933E /* MetalSwiftUI */,
				850089342ABF3CB70032933E /* MetalSwiftUITests */,
				8500893E2ABF3CB70032933E /* MetalSwiftUIUITests */,
			);
		};
/* End PBXProject section */

/* Begin PBXResourcesBuildPhase section */
		850089232ABF3CB30032933E /* Resources */ = {
			isa = PBXResourcesBuildPhase;
			buildActionMask = 2147483647;
			files = (
				850089302ABF3CB70032933E /* Preview Assets.xcassets in Resources */,
				8500892D2ABF3CB70032933E /* Assets.xcassets in Resources */,
			);
			runOnlyForDeploymentPostprocessing = 0;
		};
		850089332ABF3CB70032933E /* Resources */ = {
			isa = PBXResourcesBuildPhase;
			buildActionMask = 2147483647;
			files = (
			);
			runOnlyForDeploymentPostprocessing = 0;
		};
		8500893D2ABF3CB70032933E /* Resources */ = {
			isa = PBXResourcesBuildPhase;
			buildActionMask = 2147483647;
			files = (
			);
			runOnlyForDeploymentPostprocessing = 0;
		};
/* End PBXResourcesBuildPhase section */

/* Begin PBXSourcesBuildPhase section */
		850089212ABF3CB30032933E /* Sources */ = {
			isa = PBXSourcesBuildPhase;
			buildActionMask = 2147483647;
			files = (
				8500892B2ABF3CB30032933E /* ContentView.swift in Sources */,
				850089292ABF3CB30032933E /* MetalSwiftUIApp.swift in Sources */,
			);
			runOnlyForDeploymentPostprocessing = 0;
		};
		850089312ABF3CB70032933E /* Sources */ = {
			isa = PBXSourcesBuildPhase;
			buildActionMask = 2147483647;
			files = (
				8500893A2ABF3CB70032933E /* MetalSwiftUITests.swift in Sources */,
			);
			runOnlyForDeploymentPostprocessing = 0;
		};
		8500893B2ABF3CB70032933E /* Sources */ = {
			isa = PBXSourcesBuildPhase;
			buildActionMask = 2147483647;
			files = (
				850089462ABF3CB70032933E /* MetalSwiftUIUITestsLaunchTests.swift in Sources */,
				850089442ABF3CB70032933E /* MetalSwiftUIUITests.swift in Sources */,
			);
			runOnlyForDeploymentPostprocessing = 0;
		};
/* End PBXSourcesBuildPhase section */

/* Begin PBXTargetDependency section */
		850089372ABF3CB70032933E /* PBXTargetDependency */ = {
			isa = PBXTargetDependency;
			target = 850089242ABF3CB30032933E /* MetalSwiftUI */;
			targetProxy = 850089362ABF3CB70032933E /* PBXContainerItemProxy */;
		};
		850089412ABF3CB70032933E /* PBXTargetDependency */ = {
			isa = PBXTargetDependency;
			target = 850089242ABF3CB30032933E /* MetalSwiftUI */;
			targetProxy = 850089402ABF3CB70032933E /* PBXContainerItemProxy */;
		};
/* End PBXTargetDependency section */

/* Begin XCBuildConfiguration section */
		850089472ABF3CB70032933E /* Debug */ = {
			isa = XCBuildConfiguration;
			buildSettings = {
				ALWAYS_SEARCH_USER_PATHS = NO;
				ASSETCATALOG_COMPILER_GENERATE_SWIFT_ASSET_SYMBOL_EXTENSIONS = YES;
				CLANG_ANALYZER_NONNULL = YES;
				CLANG_ANALYZER_NUMBER_OBJECT_CONVERSION = YES_AGGRESSIVE;
				CLANG_CXX_LANGUAGE_STANDARD = "gnu++20";
				CLANG_ENABLE_MODULES = YES;
				CLANG_ENABLE_OBJC_ARC = YES;
				CLANG_ENABLE_OBJC_WEAK = YES;
				CLANG_WARN_BLOCK_CAPTURE_AUTORELEASING = YES;
				CLANG_WARN_BOOL_CONVERSION = YES;
				CLANG_WARN_COMMA = YES;
				CLANG_WARN_CONSTANT_CONVERSION = YES;
				CLANG_WARN_DEPRECATED_OBJC_IMPLEMENTATIONS = YES;
				CLANG_WARN_DIRECT_OBJC_ISA_USAGE = YES_ERROR;
				CLANG_WARN_DOCUMENTATION_COMMENTS = YES;
				CLANG_WARN_EMPTY_BODY = YES;
				CLANG_WARN_ENUM_CONVERSION = YES;
				CLANG_WARN_INFINITE_RECURSION = YES;
				CLANG_WARN_INT_CONVERSION = YES;
				CLANG_WARN_NON_LITERAL_NULL_CONVERSION = YES;
				CLANG_WARN_OBJC_IMPLICIT_RETAIN_SELF = YES;
				CLANG_WARN_OBJC_LITERAL_CONVERSION = YES;
				CLANG_WARN_OBJC_ROOT_CLASS = YES_ERROR;
				CLANG_WARN_QUOTED_INCLUDE_IN_FRAMEWORK_HEADER = YES;
				CLANG_WARN_RANGE_LOOP_ANALYSIS = YES;
				CLANG_WARN_STRICT_PROTOTYPES = YES;
				CLANG_WARN_SUSPICIOUS_MOVE = YES;
				CLANG_WARN_UNGUARDED_AVAILABILITY = YES_AGGRESSIVE;
				CLANG_WARN_UNREACHABLE_CODE = YES;
				CLANG_WARN__DUPLICATE_METHOD_MATCH = YES;
				COPY_PHASE_STRIP = NO;
				DEBUG_INFORMATION_FORMAT = dwarf;
				ENABLE_STRICT_OBJC_MSGSEND = YES;
				ENABLE_TESTABILITY = YES;
				ENABLE_USER_SCRIPT_SANDBOXING = YES;
				GCC_C_LANGUAGE_STANDARD = gnu17;
				GCC_DYNAMIC_NO_PIC = NO;
				GCC_NO_COMMON_BLOCKS = YES;
				GCC_OPTIMIZATION_LEVEL = 0;
				GCC_PREPROCESSOR_DEFINITIONS = (
					"DEBUG=1",
					"$(inherited)",
				);
				GCC_WARN_64_TO_32_BIT_CONVERSION = YES;
				GCC_WARN_ABOUT_RETURN_TYPE = YES_ERROR;
				GCC_WARN_UNDECLARED_SELECTOR = YES;
				GCC_WARN_UNINITIALIZED_AUTOS = YES_AGGRESSIVE;
				GCC_WARN_UNUSED_FUNCTION = YES;
				GCC_WARN_UNUSED_VARIABLE = YES;
				IPHONEOS_DEPLOYMENT_TARGET = 17.0;
				LOCALIZATION_PREFERS_STRING_CATALOGS = YES;
				MTL_ENABLE_DEBUG_INFO = INCLUDE_SOURCE;
				MTL_FAST_MATH = YES;
				ONLY_ACTIVE_ARCH = YES;
				SDKROOT = iphoneos;
				SWIFT_ACTIVE_COMPILATION_CONDITIONS = "DEBUG $(inherited)";
				SWIFT_OPTIMIZATION_LEVEL = "-Onone";
			};
			name = Debug;
		};
		850089482ABF3CB70032933E /* Release */ = {
			isa = XCBuildConfiguration;
			buildSettings = {
				ALWAYS_SEARCH_USER_PATHS = NO;
				ASSETCATALOG_COMPILER_GENERATE_SWIFT_ASSET_SYMBOL_EXTENSIONS = YES;
				CLANG_ANALYZER_NONNULL = YES;
				CLANG_ANALYZER_NUMBER_OBJECT_CONVERSION = YES_AGGRESSIVE;
				CLANG_CXX_LANGUAGE_STANDARD = "gnu++20";
				CLANG_ENABLE_MODULES = YES;
				CLANG_ENABLE_OBJC_ARC = YES;
				CLANG_ENABLE_OBJC_WEAK = YES;
				CLANG_WARN_BLOCK_CAPTURE_AUTORELEASING = YES;
				CLANG_WARN_BOOL_CONVERSION = YES;
				CLANG_WARN_COMMA = YES;
				CLANG_WARN_CONSTANT_CONVERSION = YES;
				CLANG_WARN_DEPRECATED_OBJC_IMPLEMENTATIONS = YES;
				CLANG_WARN_DIRECT_OBJC_ISA_USAGE = YES_ERROR;
				CLANG_WARN_DOCUMENTATION_COMMENTS = YES;
				CLANG_WARN_EMPTY_BODY = YES;
				CLANG_WARN_ENUM_CONVERSION = YES;
				CLANG_WARN_INFINITE_RECURSION = YES;
				CLANG_WARN_INT_CONVERSION = YES;
				CLANG_WARN_NON_LITERAL_NULL_CONVERSION = YES;
				CLANG_WARN_OBJC_IMPLICIT_RETAIN_SELF = YES;
				CLANG_WARN_OBJC_LITERAL_CONVERSION = YES;
				CLANG_WARN_OBJC_ROOT_CLASS = YES_ERROR;
				CLANG_WARN_QUOTED_INCLUDE_IN_FRAMEWORK_HEADER = YES;
				CLANG_WARN_RANGE_LOOP_ANALYSIS = YES;
				CLANG_WARN_STRICT_PROTOTYPES = YES;
				CLANG_WARN_SUSPICIOUS_MOVE = YES;
				CLANG_WARN_UNGUARDED_AVAILABILITY = YES_AGGRESSIVE;
				CLANG_WARN_UNREACHABLE_CODE = YES;
				CLANG_WARN__DUPLICATE_METHOD_MATCH = YES;
				COPY_PHASE_STRIP = NO;
				DEBUG_INFORMATION_FORMAT = "dwarf-with-dsym";
				ENABLE_NS_ASSERTIONS = NO;
				ENABLE_STRICT_OBJC_MSGSEND = YES;
				ENABLE_USER_SCRIPT_SANDBOXING = YES;
				GCC_C_LANGUAGE_STANDARD = gnu17;
				GCC_NO_COMMON_BLOCKS = YES;
				GCC_WARN_64_TO_32_BIT_CONVERSION = YES;
				GCC_WARN_ABOUT_RETURN_TYPE = YES_ERROR;
				GCC_WARN_UNDECLARED_SELECTOR = YES;
				GCC_WARN_UNINITIALIZED_AUTOS = YES_AGGRESSIVE;
				GCC_WARN_UNUSED_FUNCTION = YES;
				GCC_WARN_UNUSED_VARIABLE = YES;
				IPHONEOS_DEPLOYMENT_TARGET = 17.0;
				LOCALIZATION_PREFERS_STRING_CATALOGS = YES;
				MTL_ENABLE_DEBUG_INFO = NO;
				MTL_FAST_MATH = YES;
				SDKROOT = iphoneos;
				SWIFT_COMPILATION_MODE = wholemodule;
				VALIDATE_PRODUCT = YES;
			};
			name = Release;
		};
		8500894A2ABF3CB70032933E /* Debug */ = {
			isa = XCBuildConfiguration;
			buildSettings = {
				ASSETCATALOG_COMPILER_APPICON_NAME = AppIcon;
				ASSETCATALOG_COMPILER_GLOBAL_ACCENT_COLOR_NAME = AccentColor;
				CODE_SIGN_STYLE = Automatic;
				CURRENT_PROJECT_VERSION = 1;
				DEVELOPMENT_ASSET_PATHS = "\"MetalSwiftUI/Preview Content\"";
				DEVELOPMENT_TEAM = K2EJQ69QH3;
				ENABLE_PREVIEWS = YES;
				GENERATE_INFOPLIST_FILE = YES;
				INFOPLIST_KEY_UIApplicationSceneManifest_Generation = YES;
				INFOPLIST_KEY_UIApplicationSupportsIndirectInputEvents = YES;
				INFOPLIST_KEY_UILaunchScreen_Generation = YES;
				INFOPLIST_KEY_UISupportedInterfaceOrientations_iPad = "UIInterfaceOrientationPortrait UIInterfaceOrientationPortraitUpsideDown UIInterfaceOrientationLandscapeLeft UIInterfaceOrientationLandscapeRight";
				INFOPLIST_KEY_UISupportedInterfaceOrientations_iPhone = "UIInterfaceOrientationPortrait UIInterfaceOrientationLandscapeLeft UIInterfaceOrientationLandscapeRight";
				LD_RUNPATH_SEARCH_PATHS = (
					"$(inherited)",
					"@executable_path/Frameworks",
				);
				MARKETING_VERSION = 1.0;
				PRODUCT_BUNDLE_IDENTIFIER = Witte.MetalSwiftUI;
				PRODUCT_NAME = "$(TARGET_NAME)";
				SWIFT_EMIT_LOC_STRINGS = YES;
				SWIFT_VERSION = 5.0;
				TARGETED_DEVICE_FAMILY = "1,2";
			};
			name = Debug;
		};
		8500894B2ABF3CB70032933E /* Release */ = {
			isa = XCBuildConfiguration;
			buildSettings = {
				ASSETCATALOG_COMPILER_APPICON_NAME = AppIcon;
				ASSETCATALOG_COMPILER_GLOBAL_ACCENT_COLOR_NAME = AccentColor;
				CODE_SIGN_STYLE = Automatic;
				CURRENT_PROJECT_VERSION = 1;
				DEVELOPMENT_ASSET_PATHS = "\"MetalSwiftUI/Preview Content\"";
				DEVELOPMENT_TEAM = K2EJQ69QH3;
				ENABLE_PREVIEWS = YES;
				GENERATE_INFOPLIST_FILE = YES;
				INFOPLIST_KEY_UIApplicationSceneManifest_Generation = YES;
				INFOPLIST_KEY_UIApplicationSupportsIndirectInputEvents = YES;
				INFOPLIST_KEY_UILaunchScreen_Generation = YES;
				INFOPLIST_KEY_UISupportedInterfaceOrientations_iPad = "UIInterfaceOrientationPortrait UIInterfaceOrientationPortraitUpsideDown UIInterfaceOrientationLandscapeLeft UIInterfaceOrientationLandscapeRight";
				INFOPLIST_KEY_UISupportedInterfaceOrientations_iPhone = "UIInterfaceOrientationPortrait UIInterfaceOrientationLandscapeLeft UIInterfaceOrientationLandscapeRight";
				LD_RUNPATH_SEARCH_PATHS = (
					"$(inherited)",
					"@executable_path/Frameworks",
				);
				MARKETING_VERSION = 1.0;
				PRODUCT_BUNDLE_IDENTIFIER = Witte.MetalSwiftUI;
				PRODUCT_NAME = "$(TARGET_NAME)";
				SWIFT_EMIT_LOC_STRINGS = YES;
				SWIFT_VERSION = 5.0;
				TARGETED_DEVICE_FAMILY = "1,2";
			};
			name = Release;
		};
		8500894D2ABF3CB70032933E /* Debug */ = {
			isa = XCBuildConfiguration;
			buildSettings = {
				ALWAYS_EMBED_SWIFT_STANDARD_LIBRARIES = YES;
				BUNDLE_LOADER = "$(TEST_HOST)";
				CODE_SIGN_STYLE = Automatic;
				CURRENT_PROJECT_VERSION = 1;
				DEVELOPMENT_TEAM = K2EJQ69QH3;
				GENERATE_INFOPLIST_FILE = YES;
				IPHONEOS_DEPLOYMENT_TARGET = 17.0;
				MARKETING_VERSION = 1.0;
				PRODUCT_BUNDLE_IDENTIFIER = Witte.MetalSwiftUITests;
				PRODUCT_NAME = "$(TARGET_NAME)";
				SWIFT_EMIT_LOC_STRINGS = NO;
				SWIFT_VERSION = 5.0;
				TARGETED_DEVICE_FAMILY = "1,2";
				TEST_HOST = "$(BUILT_PRODUCTS_DIR)/MetalSwiftUI.app/$(BUNDLE_EXECUTABLE_FOLDER_PATH)/MetalSwiftUI";
			};
			name = Debug;
		};
		8500894E2ABF3CB70032933E /* Release */ = {
			isa = XCBuildConfiguration;
			buildSettings = {
				ALWAYS_EMBED_SWIFT_STANDARD_LIBRARIES = YES;
				BUNDLE_LOADER = "$(TEST_HOST)";
				CODE_SIGN_STYLE = Automatic;
				CURRENT_PROJECT_VERSION = 1;
				DEVELOPMENT_TEAM = K2EJQ69QH3;
				GENERATE_INFOPLIST_FILE = YES;
				IPHONEOS_DEPLOYMENT_TARGET = 17.0;
				MARKETING_VERSION = 1.0;
				PRODUCT_BUNDLE_IDENTIFIER = Witte.MetalSwiftUITests;
				PRODUCT_NAME = "$(TARGET_NAME)";
				SWIFT_EMIT_LOC_STRINGS = NO;
				SWIFT_VERSION = 5.0;
				TARGETED_DEVICE_FAMILY = "1,2";
				TEST_HOST = "$(BUILT_PRODUCTS_DIR)/MetalSwiftUI.app/$(BUNDLE_EXECUTABLE_FOLDER_PATH)/MetalSwiftUI";
			};
			name = Release;
		};
		850089502ABF3CB70032933E /* Debug */ = {
			isa = XCBuildConfiguration;
			buildSettings = {
				ALWAYS_EMBED_SWIFT_STANDARD_LIBRARIES = YES;
				CODE_SIGN_STYLE = Automatic;
				CURRENT_PROJECT_VERSION = 1;
				DEVELOPMENT_TEAM = K2EJQ69QH3;
				GENERATE_INFOPLIST_FILE = YES;
				MARKETING_VERSION = 1.0;
				PRODUCT_BUNDLE_IDENTIFIER = Witte.MetalSwiftUIUITests;
				PRODUCT_NAME = "$(TARGET_NAME)";
				SWIFT_EMIT_LOC_STRINGS = NO;
				SWIFT_VERSION = 5.0;
				TARGETED_DEVICE_FAMILY = "1,2";
				TEST_TARGET_NAME = MetalSwiftUI;
			};
			name = Debug;
		};
		850089512ABF3CB70032933E /* Release */ = {
			isa = XCBuildConfiguration;
			buildSettings = {
				ALWAYS_EMBED_SWIFT_STANDARD_LIBRARIES = YES;
				CODE_SIGN_STYLE = Automatic;
				CURRENT_PROJECT_VERSION = 1;
				DEVELOPMENT_TEAM = K2EJQ69QH3;
				GENERATE_INFOPLIST_FILE = YES;
				MARKETING_VERSION = 1.0;
				PRODUCT_BUNDLE_IDENTIFIER = Witte.MetalSwiftUIUITests;
				PRODUCT_NAME = "$(TARGET_NAME)";
				SWIFT_EMIT_LOC_STRINGS = NO;
				SWIFT_VERSION = 5.0;
				TARGETED_DEVICE_FAMILY = "1,2";
				TEST_TARGET_NAME = MetalSwiftUI;
			};
			name = Release;
		};
/* End XCBuildConfiguration section */

/* Begin XCConfigurationList section */
		850089202ABF3CB30032933E /* Build configuration list for PBXProject "MetalSwiftUI" */ = {
			isa = XCConfigurationList;
			buildConfigurations = (
				850089472ABF3CB70032933E /* Debug */,
				850089482ABF3CB70032933E /* Release */,
			);
			defaultConfigurationIsVisible = 0;
			defaultConfigurationName = Release;
		};
		850089492ABF3CB70032933E /* Build configuration list for PBXNativeTarget "MetalSwiftUI" */ = {
			isa = XCConfigurationList;
			buildConfigurations = (
				8500894A2ABF3CB70032933E /* Debug */,
				8500894B2ABF3CB70032933E /* Release */,
			);
			defaultConfigurationIsVisible = 0;
			defaultConfigurationName = Release;
		};
		8500894C2ABF3CB70032933E /* Build configuration list for PBXNativeTarget "MetalSwiftUITests" */ = {
			isa = XCConfigurationList;
			buildConfigurations = (
				8500894D2ABF3CB70032933E /* Debug */,
				8500894E2ABF3CB70032933E /* Release */,
			);
			defaultConfigurationIsVisible = 0;
			defaultConfigurationName = Release;
		};
		8500894F2ABF3CB70032933E /* Build configuration list for PBXNativeTarget "MetalSwiftUIUITests" */ = {
			isa = XCConfigurationList;
			buildConfigurations = (
				850089502ABF3CB70032933E /* Debug */,
				850089512ABF3CB70032933E /* Release */,
			);
			defaultConfigurationIsVisible = 0;
			defaultConfigurationName = Release;
		};
/* End XCConfigurationList section */
	};
	rootObject = 8500891D2ABF3CB30032933E /* Project object */;
}
